
Microsoft Visual Studio Solution File, Format Version 12.00
# Visual Studio Version 16
VisualStudioVersion = 16.0.29911.84
MinimumVisualStudioVersion = 10.0.40219.1
Project("{FAE04EC0-301F-11D3-BF4B-00C04F79EFBC}") = "ADOSample", "ADOSample\ADOSample.csproj", "{FF3B8AEE-99BD-43DB-9EE3-E9D6A3B36A72}"
EndProject
Global
	GlobalSection(SolutionConfigurationPlatforms) = preSolution
		Debug|Any CPU = Debug|Any CPU
		Release|Any CPU = Release|Any CPU
	EndGlobalSection
	GlobalSection(ProjectConfigurationPlatforms) = postSolution
		{FF3B8AEE-99BD-43DB-9EE3-E9D6A3B36A72}.Debug|Any CPU.ActiveCfg = Debug|Any CPU
		{FF3B8AEE-99BD-43DB-9EE3-E9D6A3B36A72}.Debug|Any CPU.Build.0 = Debug|Any CPU
		{FF3B8AEE-99BD-43DB-9EE3-E9D6A3B36A72}.Release|Any CPU.ActiveCfg = Release|Any CPU
		{FF3B8AEE-99BD-43DB-9EE3-E9D6A3B36A72}.Release|Any CPU.Build.0 = Release|Any CPU
	EndGlobalSection
	GlobalSection(SolutionProperties) = preSolution
		HideSolutionNode = FALSE
	EndGlobalSection
	GlobalSection(ExtensibilityGlobals) = postSolution
		SolutionGuid = {5EAEACF5-D704-4490-A262-52DF2B6CC5AF}
	EndGlobalSection
EndGlobal
